
Microsoft Visual Studio Solution File, Format Version 12.00
# Visual Studio 15
VisualStudioVersion = 15.0.27703.2042
MinimumVisualStudioVersion = 10.0.40219.1
Project("{FAE04EC0-301F-11D3-BF4B-00C04F79EFBC}") = "ArrayOperation", "ArrayOperation\ArrayOperation.csproj", "{7F9EBCEB-B10F-4F9A-9C85-C71F8CE6F0EA}"
EndProject
Global
	GlobalSection(SolutionConfigurationPlatforms) = preSolution
		Debug|Any CPU = Debug|Any CPU
		Release|Any CPU = Release|Any CPU
	EndGlobalSection
	GlobalSection(ProjectConfigurationPlatforms) = postSolution
		{7F9EBCEB-B10F-4F9A-9C85-C71F8CE6F0EA}.Debug|Any CPU.ActiveCfg = Debug|Any CPU
		{7F9EBCEB-B10F-4F9A-9C85-C71F8CE6F0EA}.Debug|Any CPU.Build.0 = Debug|Any CPU
		{7F9EBCEB-B10F-4F9A-9C85-C71F8CE6F0EA}.Release|Any CPU.ActiveCfg = Release|Any CPU
		{7F9EBCEB-B10F-4F9A-9C85-C71F8CE6F0EA}.Release|Any CPU.Build.0 = Release|Any CPU
	EndGlobalSection
	GlobalSection(SolutionProperties) = preSolution
		HideSolutionNode = FALSE
	EndGlobalSection
	GlobalSection(ExtensibilityGlobals) = postSolution
		SolutionGuid = {61CCCFD2-ED1E-4F15-A8D4-D11DBAB0201D}
	EndGlobalSection
EndGlobal
